// !$*UTF8*$!
{
	archiveVersion = 1;
	classes = {
	};
	objectVersion = 55;
	objects = {

/* Begin PBXBuildFile section */
		3D90826A273792A500049E0C /* Pretendard-ExtraLight.otf in Resources */ = {isa = PBXBuildFile; fileRef = 3D908261273792A400049E0C /* Pretendard-ExtraLight.otf */; };
		3D90826B273792A500049E0C /* Pretendard-SemiBold.otf in Resources */ = {isa = PBXBuildFile; fileRef = 3D908262273792A400049E0C /* Pretendard-SemiBold.otf */; };
		3D90826C273792A500049E0C /* Pretendard-Black.otf in Resources */ = {isa = PBXBuildFile; fileRef = 3D908263273792A400049E0C /* Pretendard-Black.otf */; };
		3D90826D273792A500049E0C /* Pretendard-Medium.otf in Resources */ = {isa = PBXBuildFile; fileRef = 3D908264273792A500049E0C /* Pretendard-Medium.otf */; };
		3D90826E273792A500049E0C /* Pretendard-Light.otf in Resources */ = {isa = PBXBuildFile; fileRef = 3D908265273792A500049E0C /* Pretendard-Light.otf */; };
		3D90826F273792A500049E0C /* Pretendard-Thin.otf in Resources */ = {isa = PBXBuildFile; fileRef = 3D908266273792A500049E0C /* Pretendard-Thin.otf */; };
		3D908270273792A500049E0C /* Pretendard-Regular.otf in Resources */ = {isa = PBXBuildFile; fileRef = 3D908267273792A500049E0C /* Pretendard-Regular.otf */; };
		3D908271273792A500049E0C /* Pretendard-ExtraBold.otf in Resources */ = {isa = PBXBuildFile; fileRef = 3D908268273792A500049E0C /* Pretendard-ExtraBold.otf */; };
		3D908272273792A500049E0C /* Pretendard-Bold.otf in Resources */ = {isa = PBXBuildFile; fileRef = 3D908269273792A500049E0C /* Pretendard-Bold.otf */; };
		3D908276273793D400049E0C /* Color.swift in Sources */ = {isa = PBXBuildFile; fileRef = 3D908275273793D400049E0C /* Color.swift */; };
		3D908278273793E200049E0C /* UIFont.swift in Sources */ = {isa = PBXBuildFile; fileRef = 3D908277273793E200049E0C /* UIFont.swift */; };
		3D90827A273799E200049E0C /* Constant.swift in Sources */ = {isa = PBXBuildFile; fileRef = 3D908279273799E200049E0C /* Constant.swift */; };
		3D90827F27379A5700049E0C /* BaseTabBarController.swift in Sources */ = {isa = PBXBuildFile; fileRef = 3D90827E27379A5700049E0C /* BaseTabBarController.swift */; };
		3D90828127379A6500049E0C /* BaseViewController.swift in Sources */ = {isa = PBXBuildFile; fileRef = 3D90828027379A6500049E0C /* BaseViewController.swift */; };
		3D90828327379A7700049E0C /* IndicatorView.swift in Sources */ = {isa = PBXBuildFile; fileRef = 3D90828227379A7700049E0C /* IndicatorView.swift */; };
		3D90828527379A8900049E0C /* Device.swift in Sources */ = {isa = PBXBuildFile; fileRef = 3D90828427379A8900049E0C /* Device.swift */; };
		3D90828727379AB900049E0C /* UIViewController.swift in Sources */ = {isa = PBXBuildFile; fileRef = 3D90828627379AB900049E0C /* UIViewController.swift */; };
		3D90828927379AC900049E0C /* UINavigationBar.swift in Sources */ = {isa = PBXBuildFile; fileRef = 3D90828827379AC900049E0C /* UINavigationBar.swift */; };
		3D90828E27379BAA00049E0C /* LoginViewController.swift in Sources */ = {isa = PBXBuildFile; fileRef = 3D90828D27379BAA00049E0C /* LoginViewController.swift */; };
		3D90829027379BC300049E0C /* MainQuizViewController.swift in Sources */ = {isa = PBXBuildFile; fileRef = 3D90828F27379BC300049E0C /* MainQuizViewController.swift */; };
		3D9082932737B4AD00049E0C /* LeftImgRightLabelView.swift in Sources */ = {isa = PBXBuildFile; fileRef = 3D9082922737B4AD00049E0C /* LeftImgRightLabelView.swift */; };
		3D9082962737B5D900049E0C /* MainQuizCollectionViewCell.swift in Sources */ = {isa = PBXBuildFile; fileRef = 3D9082952737B5D900049E0C /* MainQuizCollectionViewCell.swift */; };
		3D9082992737D94B00049E0C /* SolveQuizViewController.swift in Sources */ = {isa = PBXBuildFile; fileRef = 3D9082982737D94B00049E0C /* SolveQuizViewController.swift */; };
		3D90829B2737DAE100049E0C /* QuizAnsView.swift in Sources */ = {isa = PBXBuildFile; fileRef = 3D90829A2737DAE100049E0C /* QuizAnsView.swift */; };
		3D90829D2737F06A00049E0C /* QuizPopUpView.swift in Sources */ = {isa = PBXBuildFile; fileRef = 3D90829C2737F06A00049E0C /* QuizPopUpView.swift */; };
		3D90829F2737F40200049E0C /* PopUpDarkViewController.swift in Sources */ = {isa = PBXBuildFile; fileRef = 3D90829E2737F40200049E0C /* PopUpDarkViewController.swift */; };
		3DDED4B6272EDA540064118D /* AppDelegate.swift in Sources */ = {isa = PBXBuildFile; fileRef = 3DDED4B5272EDA540064118D /* AppDelegate.swift */; };
		3DDED4B8272EDA540064118D /* SceneDelegate.swift in Sources */ = {isa = PBXBuildFile; fileRef = 3DDED4B7272EDA540064118D /* SceneDelegate.swift */; };
		3DDED4BA272EDA540064118D /* ViewController.swift in Sources */ = {isa = PBXBuildFile; fileRef = 3DDED4B9272EDA540064118D /* ViewController.swift */; };
		3DDED4BD272EDA540064118D /* Main.storyboard in Resources */ = {isa = PBXBuildFile; fileRef = 3DDED4BB272EDA540064118D /* Main.storyboard */; };
		3DDED4BF272EDA560064118D /* Assets.xcassets in Resources */ = {isa = PBXBuildFile; fileRef = 3DDED4BE272EDA560064118D /* Assets.xcassets */; };
		3DDED4C2272EDA560064118D /* LaunchScreen.storyboard in Resources */ = {isa = PBXBuildFile; fileRef = 3DDED4C0272EDA560064118D /* LaunchScreen.storyboard */; };
		3DDED4CD272EDA560064118D /* LatteIsHorseTests.swift in Sources */ = {isa = PBXBuildFile; fileRef = 3DDED4CC272EDA560064118D /* LatteIsHorseTests.swift */; };
		3DDED4D7272EDA560064118D /* LatteIsHorseUITests.swift in Sources */ = {isa = PBXBuildFile; fileRef = 3DDED4D6272EDA560064118D /* LatteIsHorseUITests.swift */; };
		3DDED4D9272EDA560064118D /* LatteIsHorseUITestsLaunchTests.swift in Sources */ = {isa = PBXBuildFile; fileRef = 3DDED4D8272EDA560064118D /* LatteIsHorseUITestsLaunchTests.swift */; };
		7ADBA2D3D7F46B052285B5DE /* Pods_LatteIsHorse_LatteIsHorseUITests.framework in Frameworks */ = {isa = PBXBuildFile; fileRef = 03720F53910A73A859F6697A /* Pods_LatteIsHorse_LatteIsHorseUITests.framework */; };
		A20A4CAFCCD332DB6D823A2C /* Pods_LatteIsHorse.framework in Frameworks */ = {isa = PBXBuildFile; fileRef = 3D6EA7E85F0FED6398E012E4 /* Pods_LatteIsHorse.framework */; };
		EA5F0CFA58EEED8B525D8703 /* Pods_LatteIsHorseTests.framework in Frameworks */ = {isa = PBXBuildFile; fileRef = 528245023081E81CEFCAE4BE /* Pods_LatteIsHorseTests.framework */; };
/* End PBXBuildFile section */

/* Begin PBXContainerItemProxy section */
		3DDED4C9272EDA560064118D /* PBXContainerItemProxy */ = {
			isa = PBXContainerItemProxy;
			containerPortal = 3DDED4AA272EDA540064118D /* Project object */;
			proxyType = 1;
			remoteGlobalIDString = 3DDED4B1272EDA540064118D;
			remoteInfo = LatteIsHorse;
		};
		3DDED4D3272EDA560064118D /* PBXContainerItemProxy */ = {
			isa = PBXContainerItemProxy;
			containerPortal = 3DDED4AA272EDA540064118D /* Project object */;
			proxyType = 1;
			remoteGlobalIDString = 3DDED4B1272EDA540064118D;
			remoteInfo = LatteIsHorse;
		};
/* End PBXContainerItemProxy section */

/* Begin PBXFileReference section */
		03720F53910A73A859F6697A /* Pods_LatteIsHorse_LatteIsHorseUITests.framework */ = {isa = PBXFileReference; explicitFileType = wrapper.framework; includeInIndex = 0; path = Pods_LatteIsHorse_LatteIsHorseUITests.framework; sourceTree = BUILT_PRODUCTS_DIR; };
		12A011F2CE1C6031DF4F4DBC /* Pods-LatteIsHorseTests.debug.xcconfig */ = {isa = PBXFileReference; includeInIndex = 1; lastKnownFileType = text.xcconfig; name = "Pods-LatteIsHorseTests.debug.xcconfig"; path = "Target Support Files/Pods-LatteIsHorseTests/Pods-LatteIsHorseTests.debug.xcconfig"; sourceTree = "<group>"; };
		1B9141B1E0746FE9F84B9765 /* Pods-LatteIsHorse-LatteIsHorseUITests.release.xcconfig */ = {isa = PBXFileReference; includeInIndex = 1; lastKnownFileType = text.xcconfig; name = "Pods-LatteIsHorse-LatteIsHorseUITests.release.xcconfig"; path = "Target Support Files/Pods-LatteIsHorse-LatteIsHorseUITests/Pods-LatteIsHorse-LatteIsHorseUITests.release.xcconfig"; sourceTree = "<group>"; };
		1FE3F1D4183B8926854E6266 /* Pods-LatteIsHorse.release.xcconfig */ = {isa = PBXFileReference; includeInIndex = 1; lastKnownFileType = text.xcconfig; name = "Pods-LatteIsHorse.release.xcconfig"; path = "Target Support Files/Pods-LatteIsHorse/Pods-LatteIsHorse.release.xcconfig"; sourceTree = "<group>"; };
		3D6EA7E85F0FED6398E012E4 /* Pods_LatteIsHorse.framework */ = {isa = PBXFileReference; explicitFileType = wrapper.framework; includeInIndex = 0; path = Pods_LatteIsHorse.framework; sourceTree = BUILT_PRODUCTS_DIR; };
		3D908261273792A400049E0C /* Pretendard-ExtraLight.otf */ = {isa = PBXFileReference; lastKnownFileType = file; path = "Pretendard-ExtraLight.otf"; sourceTree = "<group>"; };
		3D908262273792A400049E0C /* Pretendard-SemiBold.otf */ = {isa = PBXFileReference; lastKnownFileType = file; path = "Pretendard-SemiBold.otf"; sourceTree = "<group>"; };
		3D908263273792A400049E0C /* Pretendard-Black.otf */ = {isa = PBXFileReference; lastKnownFileType = file; path = "Pretendard-Black.otf"; sourceTree = "<group>"; };
		3D908264273792A500049E0C /* Pretendard-Medium.otf */ = {isa = PBXFileReference; lastKnownFileType = file; path = "Pretendard-Medium.otf"; sourceTree = "<group>"; };
		3D908265273792A500049E0C /* Pretendard-Light.otf */ = {isa = PBXFileReference; lastKnownFileType = file; path = "Pretendard-Light.otf"; sourceTree = "<group>"; };
		3D908266273792A500049E0C /* Pretendard-Thin.otf */ = {isa = PBXFileReference; lastKnownFileType = file; path = "Pretendard-Thin.otf"; sourceTree = "<group>"; };
		3D908267273792A500049E0C /* Pretendard-Regular.otf */ = {isa = PBXFileReference; lastKnownFileType = file; path = "Pretendard-Regular.otf"; sourceTree = "<group>"; };
		3D908268273792A500049E0C /* Pretendard-ExtraBold.otf */ = {isa = PBXFileReference; lastKnownFileType = file; path = "Pretendard-ExtraBold.otf"; sourceTree = "<group>"; };
		3D908269273792A500049E0C /* Pretendard-Bold.otf */ = {isa = PBXFileReference; lastKnownFileType = file; path = "Pretendard-Bold.otf"; sourceTree = "<group>"; };
		3D908275273793D400049E0C /* Color.swift */ = {isa = PBXFileReference; lastKnownFileType = sourcecode.swift; path = Color.swift; sourceTree = "<group>"; };
		3D908277273793E200049E0C /* UIFont.swift */ = {isa = PBXFileReference; lastKnownFileType = sourcecode.swift; path = UIFont.swift; sourceTree = "<group>"; };
		3D908279273799E200049E0C /* Constant.swift */ = {isa = PBXFileReference; lastKnownFileType = sourcecode.swift; path = Constant.swift; sourceTree = "<group>"; };
		3D90827E27379A5700049E0C /* BaseTabBarController.swift */ = {isa = PBXFileReference; lastKnownFileType = sourcecode.swift; path = BaseTabBarController.swift; sourceTree = "<group>"; };
		3D90828027379A6500049E0C /* BaseViewController.swift */ = {isa = PBXFileReference; lastKnownFileType = sourcecode.swift; path = BaseViewController.swift; sourceTree = "<group>"; };
		3D90828227379A7700049E0C /* IndicatorView.swift */ = {isa = PBXFileReference; lastKnownFileType = sourcecode.swift; path = IndicatorView.swift; sourceTree = "<group>"; };
		3D90828427379A8900049E0C /* Device.swift */ = {isa = PBXFileReference; lastKnownFileType = sourcecode.swift; path = Device.swift; sourceTree = "<group>"; };
		3D90828627379AB900049E0C /* UIViewController.swift */ = {isa = PBXFileReference; lastKnownFileType = sourcecode.swift; path = UIViewController.swift; sourceTree = "<group>"; };
		3D90828827379AC900049E0C /* UINavigationBar.swift */ = {isa = PBXFileReference; lastKnownFileType = sourcecode.swift; path = UINavigationBar.swift; sourceTree = "<group>"; };
		3D90828D27379BAA00049E0C /* LoginViewController.swift */ = {isa = PBXFileReference; lastKnownFileType = sourcecode.swift; path = LoginViewController.swift; sourceTree = "<group>"; };
		3D90828F27379BC300049E0C /* MainQuizViewController.swift */ = {isa = PBXFileReference; lastKnownFileType = sourcecode.swift; path = MainQuizViewController.swift; sourceTree = "<group>"; };
		3D9082922737B4AD00049E0C /* LeftImgRightLabelView.swift */ = {isa = PBXFileReference; lastKnownFileType = sourcecode.swift; path = LeftImgRightLabelView.swift; sourceTree = "<group>"; };
		3D9082952737B5D900049E0C /* MainQuizCollectionViewCell.swift */ = {isa = PBXFileReference; lastKnownFileType = sourcecode.swift; path = MainQuizCollectionViewCell.swift; sourceTree = "<group>"; };
		3D9082982737D94B00049E0C /* SolveQuizViewController.swift */ = {isa = PBXFileReference; lastKnownFileType = sourcecode.swift; path = SolveQuizViewController.swift; sourceTree = "<group>"; };
		3D90829A2737DAE100049E0C /* QuizAnsView.swift */ = {isa = PBXFileReference; lastKnownFileType = sourcecode.swift; path = QuizAnsView.swift; sourceTree = "<group>"; };
		3D90829C2737F06A00049E0C /* QuizPopUpView.swift */ = {isa = PBXFileReference; lastKnownFileType = sourcecode.swift; path = QuizPopUpView.swift; sourceTree = "<group>"; };
		3D90829E2737F40200049E0C /* PopUpDarkViewController.swift */ = {isa = PBXFileReference; lastKnownFileType = sourcecode.swift; path = PopUpDarkViewController.swift; sourceTree = "<group>"; };
		3DDED4B2272EDA540064118D /* LatteIsHorse.app */ = {isa = PBXFileReference; explicitFileType = wrapper.application; includeInIndex = 0; path = LatteIsHorse.app; sourceTree = BUILT_PRODUCTS_DIR; };
		3DDED4B5272EDA540064118D /* AppDelegate.swift */ = {isa = PBXFileReference; lastKnownFileType = sourcecode.swift; path = AppDelegate.swift; sourceTree = "<group>"; };
		3DDED4B7272EDA540064118D /* SceneDelegate.swift */ = {isa = PBXFileReference; lastKnownFileType = sourcecode.swift; path = SceneDelegate.swift; sourceTree = "<group>"; };
		3DDED4B9272EDA540064118D /* ViewController.swift */ = {isa = PBXFileReference; lastKnownFileType = sourcecode.swift; path = ViewController.swift; sourceTree = "<group>"; };
		3DDED4BC272EDA540064118D /* Base */ = {isa = PBXFileReference; lastKnownFileType = file.storyboard; name = Base; path = Base.lproj/Main.storyboard; sourceTree = "<group>"; };
		3DDED4BE272EDA560064118D /* Assets.xcassets */ = {isa = PBXFileReference; lastKnownFileType = folder.assetcatalog; path = Assets.xcassets; sourceTree = "<group>"; };
		3DDED4C1272EDA560064118D /* Base */ = {isa = PBXFileReference; lastKnownFileType = file.storyboard; name = Base; path = Base.lproj/LaunchScreen.storyboard; sourceTree = "<group>"; };
		3DDED4C3272EDA560064118D /* Info.plist */ = {isa = PBXFileReference; lastKnownFileType = text.plist.xml; path = Info.plist; sourceTree = "<group>"; };
		3DDED4C8272EDA560064118D /* LatteIsHorseTests.xctest */ = {isa = PBXFileReference; explicitFileType = wrapper.cfbundle; includeInIndex = 0; path = LatteIsHorseTests.xctest; sourceTree = BUILT_PRODUCTS_DIR; };
		3DDED4CC272EDA560064118D /* LatteIsHorseTests.swift */ = {isa = PBXFileReference; lastKnownFileType = sourcecode.swift; path = LatteIsHorseTests.swift; sourceTree = "<group>"; };
		3DDED4D2272EDA560064118D /* LatteIsHorseUITests.xctest */ = {isa = PBXFileReference; explicitFileType = wrapper.cfbundle; includeInIndex = 0; path = LatteIsHorseUITests.xctest; sourceTree = BUILT_PRODUCTS_DIR; };
		3DDED4D6272EDA560064118D /* LatteIsHorseUITests.swift */ = {isa = PBXFileReference; lastKnownFileType = sourcecode.swift; path = LatteIsHorseUITests.swift; sourceTree = "<group>"; };
		3DDED4D8272EDA560064118D /* LatteIsHorseUITestsLaunchTests.swift */ = {isa = PBXFileReference; lastKnownFileType = sourcecode.swift; path = LatteIsHorseUITestsLaunchTests.swift; sourceTree = "<group>"; };
		528245023081E81CEFCAE4BE /* Pods_LatteIsHorseTests.framework */ = {isa = PBXFileReference; explicitFileType = wrapper.framework; includeInIndex = 0; path = Pods_LatteIsHorseTests.framework; sourceTree = BUILT_PRODUCTS_DIR; };
		9CB525C7CFBCB1F9E9EC2B89 /* Pods-LatteIsHorse-LatteIsHorseUITests.debug.xcconfig */ = {isa = PBXFileReference; includeInIndex = 1; lastKnownFileType = text.xcconfig; name = "Pods-LatteIsHorse-LatteIsHorseUITests.debug.xcconfig"; path = "Target Support Files/Pods-LatteIsHorse-LatteIsHorseUITests/Pods-LatteIsHorse-LatteIsHorseUITests.debug.xcconfig"; sourceTree = "<group>"; };
		A274F11E78945E7799D9A276 /* Pods-LatteIsHorse.debug.xcconfig */ = {isa = PBXFileReference; includeInIndex = 1; lastKnownFileType = text.xcconfig; name = "Pods-LatteIsHorse.debug.xcconfig"; path = "Target Support Files/Pods-LatteIsHorse/Pods-LatteIsHorse.debug.xcconfig"; sourceTree = "<group>"; };
		E0FACF1A4E1696B010A5DD64 /* Pods-LatteIsHorseTests.release.xcconfig */ = {isa = PBXFileReference; includeInIndex = 1; lastKnownFileType = text.xcconfig; name = "Pods-LatteIsHorseTests.release.xcconfig"; path = "Target Support Files/Pods-LatteIsHorseTests/Pods-LatteIsHorseTests.release.xcconfig"; sourceTree = "<group>"; };
/* End PBXFileReference section */

/* Begin PBXFrameworksBuildPhase section */
		3DDED4AF272EDA540064118D /* Frameworks */ = {
			isa = PBXFrameworksBuildPhase;
			buildActionMask = 2147483647;
			files = (
				A20A4CAFCCD332DB6D823A2C /* Pods_LatteIsHorse.framework in Frameworks */,
			);
			runOnlyForDeploymentPostprocessing = 0;
		};
		3DDED4C5272EDA560064118D /* Frameworks */ = {
			isa = PBXFrameworksBuildPhase;
			buildActionMask = 2147483647;
			files = (
				EA5F0CFA58EEED8B525D8703 /* Pods_LatteIsHorseTests.framework in Frameworks */,
			);
			runOnlyForDeploymentPostprocessing = 0;
		};
		3DDED4CF272EDA560064118D /* Frameworks */ = {
			isa = PBXFrameworksBuildPhase;
			buildActionMask = 2147483647;
			files = (
				7ADBA2D3D7F46B052285B5DE /* Pods_LatteIsHorse_LatteIsHorseUITests.framework in Frameworks */,
			);
			runOnlyForDeploymentPostprocessing = 0;
		};
/* End PBXFrameworksBuildPhase section */

/* Begin PBXGroup section */
		3D90825F2737925A00049E0C /* Configuration */ = {
			isa = PBXGroup;
			children = (
				3D908279273799E200049E0C /* Constant.swift */,
				3D90827D27379A3A00049E0C /* Base */,
				3D90827C27379A1D00049E0C /* CommonClass */,
				3D90827B27379A0200049E0C /* Secret */,
				3D908273273793BC00049E0C /* Extension */,
				3D9082602737926700049E0C /* Fonts */,
			);
			path = Configuration;
			sourceTree = "<group>";
		};
		3D9082602737926700049E0C /* Fonts */ = {
			isa = PBXGroup;
			children = (
				3D908263273792A400049E0C /* Pretendard-Black.otf */,
				3D908269273792A500049E0C /* Pretendard-Bold.otf */,
				3D908268273792A500049E0C /* Pretendard-ExtraBold.otf */,
				3D908261273792A400049E0C /* Pretendard-ExtraLight.otf */,
				3D908265273792A500049E0C /* Pretendard-Light.otf */,
				3D908264273792A500049E0C /* Pretendard-Medium.otf */,
				3D908267273792A500049E0C /* Pretendard-Regular.otf */,
				3D908262273792A400049E0C /* Pretendard-SemiBold.otf */,
				3D908266273792A500049E0C /* Pretendard-Thin.otf */,
			);
			path = Fonts;
			sourceTree = "<group>";
		};
		3D908273273793BC00049E0C /* Extension */ = {
			isa = PBXGroup;
			children = (
				3D908275273793D400049E0C /* Color.swift */,
				3D908277273793E200049E0C /* UIFont.swift */,
				3D90828627379AB900049E0C /* UIViewController.swift */,
				3D90828827379AC900049E0C /* UINavigationBar.swift */,
			);
			path = Extension;
			sourceTree = "<group>";
		};
		3D90827B27379A0200049E0C /* Secret */ = {
			isa = PBXGroup;
			children = (
			);
			path = Secret;
			sourceTree = "<group>";
		};
		3D90827C27379A1D00049E0C /* CommonClass */ = {
			isa = PBXGroup;
			children = (
				3D90828227379A7700049E0C /* IndicatorView.swift */,
				3D90828427379A8900049E0C /* Device.swift */,
			);
			path = CommonClass;
			sourceTree = "<group>";
		};
		3D90827D27379A3A00049E0C /* Base */ = {
			isa = PBXGroup;
			children = (
				3D90827E27379A5700049E0C /* BaseTabBarController.swift */,
				3D90828027379A6500049E0C /* BaseViewController.swift */,
			);
			path = Base;
			sourceTree = "<group>";
		};
		3D90828A27379B4800049E0C /* View */ = {
			isa = PBXGroup;
			children = (
				3D9082912737B48100049E0C /* 0_Customs */,
				3D90828B27379B5E00049E0C /* 1_Login */,
				3D90828C27379B6600049E0C /* 2_main */,
			);
			path = View;
			sourceTree = "<group>";
		};
		3D90828B27379B5E00049E0C /* 1_Login */ = {
			isa = PBXGroup;
			children = (
				3D90828D27379BAA00049E0C /* LoginViewController.swift */,
			);
			path = 1_Login;
			sourceTree = "<group>";
		};
		3D90828C27379B6600049E0C /* 2_main */ = {
			isa = PBXGroup;
			children = (
				3D90828F27379BC300049E0C /* MainQuizViewController.swift */,
				3D9082972737D93500049E0C /* SolveQuiz */,
			);
			path = 2_main;
			sourceTree = "<group>";
		};
		3D9082912737B48100049E0C /* 0_Customs */ = {
			isa = PBXGroup;
			children = (
				3D9082922737B4AD00049E0C /* LeftImgRightLabelView.swift */,
				3D90829A2737DAE100049E0C /* QuizAnsView.swift */,
				3D90829C2737F06A00049E0C /* QuizPopUpView.swift */,
				3D90829E2737F40200049E0C /* PopUpDarkViewController.swift */,
			);
			path = 0_Customs;
			sourceTree = "<group>";
		};
		3D9082942737B5C000049E0C /* Cells */ = {
			isa = PBXGroup;
			children = (
				3D9082952737B5D900049E0C /* MainQuizCollectionViewCell.swift */,
			);
			path = Cells;
			sourceTree = "<group>";
		};
		3D9082972737D93500049E0C /* SolveQuiz */ = {
			isa = PBXGroup;
			children = (
				3D9082982737D94B00049E0C /* SolveQuizViewController.swift */,
			);
			path = SolveQuiz;
			sourceTree = "<group>";
		};
		3DDED4A9272EDA540064118D = {
			isa = PBXGroup;
			children = (
				3DDED4B4272EDA540064118D /* LatteIsHorse */,
				3DDED4CB272EDA560064118D /* LatteIsHorseTests */,
				3DDED4D5272EDA560064118D /* LatteIsHorseUITests */,
				3DDED4B3272EDA540064118D /* Products */,
				8D2C4E9F964BC8B55012BA57 /* Pods */,
				6D4DB9C43B8D50E239859380 /* Frameworks */,
			);
			sourceTree = "<group>";
		};
		3DDED4B3272EDA540064118D /* Products */ = {
			isa = PBXGroup;
			children = (
				3DDED4B2272EDA540064118D /* LatteIsHorse.app */,
				3DDED4C8272EDA560064118D /* LatteIsHorseTests.xctest */,
				3DDED4D2272EDA560064118D /* LatteIsHorseUITests.xctest */,
			);
			name = Products;
			sourceTree = "<group>";
		};
		3DDED4B4272EDA540064118D /* LatteIsHorse */ = {
			isa = PBXGroup;
			children = (
				3D90825F2737925A00049E0C /* Configuration */,
				3D9082942737B5C000049E0C /* Cells */,
				3D90828A27379B4800049E0C /* View */,
				3DDED4B7272EDA540064118D /* SceneDelegate.swift */,
				3DDED4B5272EDA540064118D /* AppDelegate.swift */,
				3DDED4B9272EDA540064118D /* ViewController.swift */,
				3DDED4BB272EDA540064118D /* Main.storyboard */,
				3DDED4BE272EDA560064118D /* Assets.xcassets */,
				3DDED4C0272EDA560064118D /* LaunchScreen.storyboard */,
				3DDED4C3272EDA560064118D /* Info.plist */,
			);
			path = LatteIsHorse;
			sourceTree = "<group>";
		};
		3DDED4CB272EDA560064118D /* LatteIsHorseTests */ = {
			isa = PBXGroup;
			children = (
				3DDED4CC272EDA560064118D /* LatteIsHorseTests.swift */,
			);
			path = LatteIsHorseTests;
			sourceTree = "<group>";
		};
		3DDED4D5272EDA560064118D /* LatteIsHorseUITests */ = {
			isa = PBXGroup;
			children = (
				3DDED4D6272EDA560064118D /* LatteIsHorseUITests.swift */,
				3DDED4D8272EDA560064118D /* LatteIsHorseUITestsLaunchTests.swift */,
			);
			path = LatteIsHorseUITests;
			sourceTree = "<group>";
		};
		6D4DB9C43B8D50E239859380 /* Frameworks */ = {
			isa = PBXGroup;
			children = (
				3D6EA7E85F0FED6398E012E4 /* Pods_LatteIsHorse.framework */,
				03720F53910A73A859F6697A /* Pods_LatteIsHorse_LatteIsHorseUITests.framework */,
				528245023081E81CEFCAE4BE /* Pods_LatteIsHorseTests.framework */,
			);
			name = Frameworks;
			sourceTree = "<group>";
		};
		8D2C4E9F964BC8B55012BA57 /* Pods */ = {
			isa = PBXGroup;
			children = (
				A274F11E78945E7799D9A276 /* Pods-LatteIsHorse.debug.xcconfig */,
				1FE3F1D4183B8926854E6266 /* Pods-LatteIsHorse.release.xcconfig */,
				9CB525C7CFBCB1F9E9EC2B89 /* Pods-LatteIsHorse-LatteIsHorseUITests.debug.xcconfig */,
				1B9141B1E0746FE9F84B9765 /* Pods-LatteIsHorse-LatteIsHorseUITests.release.xcconfig */,
				12A011F2CE1C6031DF4F4DBC /* Pods-LatteIsHorseTests.debug.xcconfig */,
				E0FACF1A4E1696B010A5DD64 /* Pods-LatteIsHorseTests.release.xcconfig */,
			);
			path = Pods;
			sourceTree = "<group>";
		};
/* End PBXGroup section */

/* Begin PBXNativeTarget section */
		3DDED4B1272EDA540064118D /* LatteIsHorse */ = {
			isa = PBXNativeTarget;
			buildConfigurationList = 3DDED4DC272EDA560064118D /* Build configuration list for PBXNativeTarget "LatteIsHorse" */;
			buildPhases = (
				F2C31877D4AC56C2E500D75F /* [CP] Check Pods Manifest.lock */,
				3DDED4AE272EDA540064118D /* Sources */,
				3DDED4AF272EDA540064118D /* Frameworks */,
				3DDED4B0272EDA540064118D /* Resources */,
				02AB4995A235D97CAEEA27DD /* [CP] Embed Pods Frameworks */,
			);
			buildRules = (
			);
			dependencies = (
			);
			name = LatteIsHorse;
			productName = LatteIsHorse;
			productReference = 3DDED4B2272EDA540064118D /* LatteIsHorse.app */;
			productType = "com.apple.product-type.application";
		};
		3DDED4C7272EDA560064118D /* LatteIsHorseTests */ = {
			isa = PBXNativeTarget;
			buildConfigurationList = 3DDED4DF272EDA560064118D /* Build configuration list for PBXNativeTarget "LatteIsHorseTests" */;
			buildPhases = (
				D28570A1C87A530F56A18C70 /* [CP] Check Pods Manifest.lock */,
				3DDED4C4272EDA560064118D /* Sources */,
				3DDED4C5272EDA560064118D /* Frameworks */,
				3DDED4C6272EDA560064118D /* Resources */,
			);
			buildRules = (
			);
			dependencies = (
				3DDED4CA272EDA560064118D /* PBXTargetDependency */,
			);
			name = LatteIsHorseTests;
			productName = LatteIsHorseTests;
			productReference = 3DDED4C8272EDA560064118D /* LatteIsHorseTests.xctest */;
			productType = "com.apple.product-type.bundle.unit-test";
		};
		3DDED4D1272EDA560064118D /* LatteIsHorseUITests */ = {
			isa = PBXNativeTarget;
			buildConfigurationList = 3DDED4E2272EDA560064118D /* Build configuration list for PBXNativeTarget "LatteIsHorseUITests" */;
			buildPhases = (
				77E39B966AEEA5DA28930DE3 /* [CP] Check Pods Manifest.lock */,
				3DDED4CE272EDA560064118D /* Sources */,
				3DDED4CF272EDA560064118D /* Frameworks */,
				3DDED4D0272EDA560064118D /* Resources */,
				ABB8533B5D126C8CE58E79E4 /* [CP] Embed Pods Frameworks */,
			);
			buildRules = (
			);
			dependencies = (
				3DDED4D4272EDA560064118D /* PBXTargetDependency */,
			);
			name = LatteIsHorseUITests;
			productName = LatteIsHorseUITests;
			productReference = 3DDED4D2272EDA560064118D /* LatteIsHorseUITests.xctest */;
			productType = "com.apple.product-type.bundle.ui-testing";
		};
/* End PBXNativeTarget section */

/* Begin PBXProject section */
		3DDED4AA272EDA540064118D /* Project object */ = {
			isa = PBXProject;
			attributes = {
				BuildIndependentTargetsInParallel = 1;
				LastSwiftUpdateCheck = 1300;
				LastUpgradeCheck = 1300;
				TargetAttributes = {
					3DDED4B1272EDA540064118D = {
						CreatedOnToolsVersion = 13.0;
					};
					3DDED4C7272EDA560064118D = {
						CreatedOnToolsVersion = 13.0;
						TestTargetID = 3DDED4B1272EDA540064118D;
					};
					3DDED4D1272EDA560064118D = {
						CreatedOnToolsVersion = 13.0;
						TestTargetID = 3DDED4B1272EDA540064118D;
					};
				};
			};
			buildConfigurationList = 3DDED4AD272EDA540064118D /* Build configuration list for PBXProject "LatteIsHorse" */;
			compatibilityVersion = "Xcode 13.0";
			developmentRegion = en;
			hasScannedForEncodings = 0;
			knownRegions = (
				en,
				Base,
			);
			mainGroup = 3DDED4A9272EDA540064118D;
			productRefGroup = 3DDED4B3272EDA540064118D /* Products */;
			projectDirPath = "";
			projectRoot = "";
			targets = (
				3DDED4B1272EDA540064118D /* LatteIsHorse */,
				3DDED4C7272EDA560064118D /* LatteIsHorseTests */,
				3DDED4D1272EDA560064118D /* LatteIsHorseUITests */,
			);
		};
/* End PBXProject section */

/* Begin PBXResourcesBuildPhase section */
		3DDED4B0272EDA540064118D /* Resources */ = {
			isa = PBXResourcesBuildPhase;
			buildActionMask = 2147483647;
			files = (
				3D90826D273792A500049E0C /* Pretendard-Medium.otf in Resources */,
				3D908272273792A500049E0C /* Pretendard-Bold.otf in Resources */,
				3D90826E273792A500049E0C /* Pretendard-Light.otf in Resources */,
				3DDED4C2272EDA560064118D /* LaunchScreen.storyboard in Resources */,
				3D90826F273792A500049E0C /* Pretendard-Thin.otf in Resources */,
				3DDED4BF272EDA560064118D /* Assets.xcassets in Resources */,
				3D90826B273792A500049E0C /* Pretendard-SemiBold.otf in Resources */,
				3D908271273792A500049E0C /* Pretendard-ExtraBold.otf in Resources */,
				3D90826A273792A500049E0C /* Pretendard-ExtraLight.otf in Resources */,
				3D908270273792A500049E0C /* Pretendard-Regular.otf in Resources */,
				3D90826C273792A500049E0C /* Pretendard-Black.otf in Resources */,
				3DDED4BD272EDA540064118D /* Main.storyboard in Resources */,
			);
			runOnlyForDeploymentPostprocessing = 0;
		};
		3DDED4C6272EDA560064118D /* Resources */ = {
			isa = PBXResourcesBuildPhase;
			buildActionMask = 2147483647;
			files = (
			);
			runOnlyForDeploymentPostprocessing = 0;
		};
		3DDED4D0272EDA560064118D /* Resources */ = {
			isa = PBXResourcesBuildPhase;
			buildActionMask = 2147483647;
			files = (
			);
			runOnlyForDeploymentPostprocessing = 0;
		};
/* End PBXResourcesBuildPhase section */

/* Begin PBXShellScriptBuildPhase section */
		02AB4995A235D97CAEEA27DD /* [CP] Embed Pods Frameworks */ = {
			isa = PBXShellScriptBuildPhase;
			buildActionMask = 2147483647;
			files = (
			);
			inputFileListPaths = (
				"${PODS_ROOT}/Target Support Files/Pods-LatteIsHorse/Pods-LatteIsHorse-frameworks-${CONFIGURATION}-input-files.xcfilelist",
			);
			name = "[CP] Embed Pods Frameworks";
			outputFileListPaths = (
				"${PODS_ROOT}/Target Support Files/Pods-LatteIsHorse/Pods-LatteIsHorse-frameworks-${CONFIGURATION}-output-files.xcfilelist",
			);
			runOnlyForDeploymentPostprocessing = 0;
			shellPath = /bin/sh;
			shellScript = "\"${PODS_ROOT}/Target Support Files/Pods-LatteIsHorse/Pods-LatteIsHorse-frameworks.sh\"\n";
			showEnvVarsInLog = 0;
		};
		77E39B966AEEA5DA28930DE3 /* [CP] Check Pods Manifest.lock */ = {
			isa = PBXShellScriptBuildPhase;
			buildActionMask = 2147483647;
			files = (
			);
			inputFileListPaths = (
			);
			inputPaths = (
				"${PODS_PODFILE_DIR_PATH}/Podfile.lock",
				"${PODS_ROOT}/Manifest.lock",
			);
			name = "[CP] Check Pods Manifest.lock";
			outputFileListPaths = (
			);
			outputPaths = (
				"$(DERIVED_FILE_DIR)/Pods-LatteIsHorse-LatteIsHorseUITests-checkManifestLockResult.txt",
			);
			runOnlyForDeploymentPostprocessing = 0;
			shellPath = /bin/sh;
			shellScript = "diff \"${PODS_PODFILE_DIR_PATH}/Podfile.lock\" \"${PODS_ROOT}/Manifest.lock\" > /dev/null\nif [ $? != 0 ] ; then\n    # print error to STDERR\n    echo \"error: The sandbox is not in sync with the Podfile.lock. Run 'pod install' or update your CocoaPods installation.\" >&2\n    exit 1\nfi\n# This output is used by Xcode 'outputs' to avoid re-running this script phase.\necho \"SUCCESS\" > \"${SCRIPT_OUTPUT_FILE_0}\"\n";
			showEnvVarsInLog = 0;
		};
		ABB8533B5D126C8CE58E79E4 /* [CP] Embed Pods Frameworks */ = {
			isa = PBXShellScriptBuildPhase;
			buildActionMask = 2147483647;
			files = (
			);
			inputFileListPaths = (
				"${PODS_ROOT}/Target Support Files/Pods-LatteIsHorse-LatteIsHorseUITests/Pods-LatteIsHorse-LatteIsHorseUITests-frameworks-${CONFIGURATION}-input-files.xcfilelist",
			);
			name = "[CP] Embed Pods Frameworks";
			outputFileListPaths = (
				"${PODS_ROOT}/Target Support Files/Pods-LatteIsHorse-LatteIsHorseUITests/Pods-LatteIsHorse-LatteIsHorseUITests-frameworks-${CONFIGURATION}-output-files.xcfilelist",
			);
			runOnlyForDeploymentPostprocessing = 0;
			shellPath = /bin/sh;
			shellScript = "\"${PODS_ROOT}/Target Support Files/Pods-LatteIsHorse-LatteIsHorseUITests/Pods-LatteIsHorse-LatteIsHorseUITests-frameworks.sh\"\n";
			showEnvVarsInLog = 0;
		};
		D28570A1C87A530F56A18C70 /* [CP] Check Pods Manifest.lock */ = {
			isa = PBXShellScriptBuildPhase;
			buildActionMask = 2147483647;
			files = (
			);
			inputFileListPaths = (
			);
			inputPaths = (
				"${PODS_PODFILE_DIR_PATH}/Podfile.lock",
				"${PODS_ROOT}/Manifest.lock",
			);
			name = "[CP] Check Pods Manifest.lock";
			outputFileListPaths = (
			);
			outputPaths = (
				"$(DERIVED_FILE_DIR)/Pods-LatteIsHorseTests-checkManifestLockResult.txt",
			);
			runOnlyForDeploymentPostprocessing = 0;
			shellPath = /bin/sh;
			shellScript = "diff \"${PODS_PODFILE_DIR_PATH}/Podfile.lock\" \"${PODS_ROOT}/Manifest.lock\" > /dev/null\nif [ $? != 0 ] ; then\n    # print error to STDERR\n    echo \"error: The sandbox is not in sync with the Podfile.lock. Run 'pod install' or update your CocoaPods installation.\" >&2\n    exit 1\nfi\n# This output is used by Xcode 'outputs' to avoid re-running this script phase.\necho \"SUCCESS\" > \"${SCRIPT_OUTPUT_FILE_0}\"\n";
			showEnvVarsInLog = 0;
		};
		F2C31877D4AC56C2E500D75F /* [CP] Check Pods Manifest.lock */ = {
			isa = PBXShellScriptBuildPhase;
			buildActionMask = 2147483647;
			files = (
			);
			inputFileListPaths = (
			);
			inputPaths = (
				"${PODS_PODFILE_DIR_PATH}/Podfile.lock",
				"${PODS_ROOT}/Manifest.lock",
			);
			name = "[CP] Check Pods Manifest.lock";
			outputFileListPaths = (
			);
			outputPaths = (
				"$(DERIVED_FILE_DIR)/Pods-LatteIsHorse-checkManifestLockResult.txt",
			);
			runOnlyForDeploymentPostprocessing = 0;
			shellPath = /bin/sh;
			shellScript = "diff \"${PODS_PODFILE_DIR_PATH}/Podfile.lock\" \"${PODS_ROOT}/Manifest.lock\" > /dev/null\nif [ $? != 0 ] ; then\n    # print error to STDERR\n    echo \"error: The sandbox is not in sync with the Podfile.lock. Run 'pod install' or update your CocoaPods installation.\" >&2\n    exit 1\nfi\n# This output is used by Xcode 'outputs' to avoid re-running this script phase.\necho \"SUCCESS\" > \"${SCRIPT_OUTPUT_FILE_0}\"\n";
			showEnvVarsInLog = 0;
		};
/* End PBXShellScriptBuildPhase section */

/* Begin PBXSourcesBuildPhase section */
		3DDED4AE272EDA540064118D /* Sources */ = {
			isa = PBXSourcesBuildPhase;
			buildActionMask = 2147483647;
			files = (
				3D9082962737B5D900049E0C /* MainQuizCollectionViewCell.swift in Sources */,
				3D90827F27379A5700049E0C /* BaseTabBarController.swift in Sources */,
				3D908278273793E200049E0C /* UIFont.swift in Sources */,
				3DDED4BA272EDA540064118D /* ViewController.swift in Sources */,
				3D90828927379AC900049E0C /* UINavigationBar.swift in Sources */,
				3D90829F2737F40200049E0C /* PopUpDarkViewController.swift in Sources */,
				3D90828727379AB900049E0C /* UIViewController.swift in Sources */,
				3D908276273793D400049E0C /* Color.swift in Sources */,
				3D9082932737B4AD00049E0C /* LeftImgRightLabelView.swift in Sources */,
				3D90828327379A7700049E0C /* IndicatorView.swift in Sources */,
				3DDED4B6272EDA540064118D /* AppDelegate.swift in Sources */,
				3D90828127379A6500049E0C /* BaseViewController.swift in Sources */,
				3DDED4B8272EDA540064118D /* SceneDelegate.swift in Sources */,
				3D90829B2737DAE100049E0C /* QuizAnsView.swift in Sources */,
				3D90829027379BC300049E0C /* MainQuizViewController.swift in Sources */,
				3D90827A273799E200049E0C /* Constant.swift in Sources */,
				3D90828E27379BAA00049E0C /* LoginViewController.swift in Sources */,
				3D90829D2737F06A00049E0C /* QuizPopUpView.swift in Sources */,
				3D90828527379A8900049E0C /* Device.swift in Sources */,
				3D9082992737D94B00049E0C /* SolveQuizViewController.swift in Sources */,
			);
			runOnlyForDeploymentPostprocessing = 0;
		};
		3DDED4C4272EDA560064118D /* Sources */ = {
			isa = PBXSourcesBuildPhase;
			buildActionMask = 2147483647;
			files = (
				3DDED4CD272EDA560064118D /* LatteIsHorseTests.swift in Sources */,
			);
			runOnlyForDeploymentPostprocessing = 0;
		};
		3DDED4CE272EDA560064118D /* Sources */ = {
			isa = PBXSourcesBuildPhase;
			buildActionMask = 2147483647;
			files = (
				3DDED4D7272EDA560064118D /* LatteIsHorseUITests.swift in Sources */,
				3DDED4D9272EDA560064118D /* LatteIsHorseUITestsLaunchTests.swift in Sources */,
			);
			runOnlyForDeploymentPostprocessing = 0;
		};
/* End PBXSourcesBuildPhase section */

/* Begin PBXTargetDependency section */
		3DDED4CA272EDA560064118D /* PBXTargetDependency */ = {
			isa = PBXTargetDependency;
			target = 3DDED4B1272EDA540064118D /* LatteIsHorse */;
			targetProxy = 3DDED4C9272EDA560064118D /* PBXContainerItemProxy */;
		};
		3DDED4D4272EDA560064118D /* PBXTargetDependency */ = {
			isa = PBXTargetDependency;
			target = 3DDED4B1272EDA540064118D /* LatteIsHorse */;
			targetProxy = 3DDED4D3272EDA560064118D /* PBXContainerItemProxy */;
		};
/* End PBXTargetDependency section */

/* Begin PBXVariantGroup section */
		3DDED4BB272EDA540064118D /* Main.storyboard */ = {
			isa = PBXVariantGroup;
			children = (
				3DDED4BC272EDA540064118D /* Base */,
			);
			name = Main.storyboard;
			sourceTree = "<group>";
		};
		3DDED4C0272EDA560064118D /* LaunchScreen.storyboard */ = {
			isa = PBXVariantGroup;
			children = (
				3DDED4C1272EDA560064118D /* Base */,
			);
			name = LaunchScreen.storyboard;
			sourceTree = "<group>";
		};
/* End PBXVariantGroup section */

/* Begin XCBuildConfiguration section */
		3DDED4DA272EDA560064118D /* Debug */ = {
			isa = XCBuildConfiguration;
			buildSettings = {
				ALWAYS_SEARCH_USER_PATHS = NO;
				CLANG_ANALYZER_NONNULL = YES;
				CLANG_ANALYZER_NUMBER_OBJECT_CONVERSION = YES_AGGRESSIVE;
				CLANG_CXX_LANGUAGE_STANDARD = "gnu++17";
				CLANG_CXX_LIBRARY = "libc++";
				CLANG_ENABLE_MODULES = YES;
				CLANG_ENABLE_OBJC_ARC = YES;
				CLANG_ENABLE_OBJC_WEAK = YES;
				CLANG_WARN_BLOCK_CAPTURE_AUTORELEASING = YES;
				CLANG_WARN_BOOL_CONVERSION = YES;
				CLANG_WARN_COMMA = YES;
				CLANG_WARN_CONSTANT_CONVERSION = YES;
				CLANG_WARN_DEPRECATED_OBJC_IMPLEMENTATIONS = YES;
				CLANG_WARN_DIRECT_OBJC_ISA_USAGE = YES_ERROR;
				CLANG_WARN_DOCUMENTATION_COMMENTS = YES;
				CLANG_WARN_EMPTY_BODY = YES;
				CLANG_WARN_ENUM_CONVERSION = YES;
				CLANG_WARN_INFINITE_RECURSION = YES;
				CLANG_WARN_INT_CONVERSION = YES;
				CLANG_WARN_NON_LITERAL_NULL_CONVERSION = YES;
				CLANG_WARN_OBJC_IMPLICIT_RETAIN_SELF = YES;
				CLANG_WARN_OBJC_LITERAL_CONVERSION = YES;
				CLANG_WARN_OBJC_ROOT_CLASS = YES_ERROR;
				CLANG_WARN_QUOTED_INCLUDE_IN_FRAMEWORK_HEADER = YES;
				CLANG_WARN_RANGE_LOOP_ANALYSIS = YES;
				CLANG_WARN_STRICT_PROTOTYPES = YES;
				CLANG_WARN_SUSPICIOUS_MOVE = YES;
				CLANG_WARN_UNGUARDED_AVAILABILITY = YES_AGGRESSIVE;
				CLANG_WARN_UNREACHABLE_CODE = YES;
				CLANG_WARN__DUPLICATE_METHOD_MATCH = YES;
				COPY_PHASE_STRIP = NO;
				DEBUG_INFORMATION_FORMAT = dwarf;
				ENABLE_STRICT_OBJC_MSGSEND = YES;
				ENABLE_TESTABILITY = YES;
				GCC_C_LANGUAGE_STANDARD = gnu11;
				GCC_DYNAMIC_NO_PIC = NO;
				GCC_NO_COMMON_BLOCKS = YES;
				GCC_OPTIMIZATION_LEVEL = 0;
				GCC_PREPROCESSOR_DEFINITIONS = (
					"DEBUG=1",
					"$(inherited)",
				);
				GCC_WARN_64_TO_32_BIT_CONVERSION = YES;
				GCC_WARN_ABOUT_RETURN_TYPE = YES_ERROR;
				GCC_WARN_UNDECLARED_SELECTOR = YES;
				GCC_WARN_UNINITIALIZED_AUTOS = YES_AGGRESSIVE;
				GCC_WARN_UNUSED_FUNCTION = YES;
				GCC_WARN_UNUSED_VARIABLE = YES;
				IPHONEOS_DEPLOYMENT_TARGET = 15.0;
				MTL_ENABLE_DEBUG_INFO = INCLUDE_SOURCE;
				MTL_FAST_MATH = YES;
				ONLY_ACTIVE_ARCH = YES;
				SDKROOT = iphoneos;
				SWIFT_ACTIVE_COMPILATION_CONDITIONS = DEBUG;
				SWIFT_OPTIMIZATION_LEVEL = "-Onone";
			};
			name = Debug;
		};
		3DDED4DB272EDA560064118D /* Release */ = {
			isa = XCBuildConfiguration;
			buildSettings = {
				ALWAYS_SEARCH_USER_PATHS = NO;
				CLANG_ANALYZER_NONNULL = YES;
				CLANG_ANALYZER_NUMBER_OBJECT_CONVERSION = YES_AGGRESSIVE;
				CLANG_CXX_LANGUAGE_STANDARD = "gnu++17";
				CLANG_CXX_LIBRARY = "libc++";
				CLANG_ENABLE_MODULES = YES;
				CLANG_ENABLE_OBJC_ARC = YES;
				CLANG_ENABLE_OBJC_WEAK = YES;
				CLANG_WARN_BLOCK_CAPTURE_AUTORELEASING = YES;
				CLANG_WARN_BOOL_CONVERSION = YES;
				CLANG_WARN_COMMA = YES;
				CLANG_WARN_CONSTANT_CONVERSION = YES;
				CLANG_WARN_DEPRECATED_OBJC_IMPLEMENTATIONS = YES;
				CLANG_WARN_DIRECT_OBJC_ISA_USAGE = YES_ERROR;
				CLANG_WARN_DOCUMENTATION_COMMENTS = YES;
				CLANG_WARN_EMPTY_BODY = YES;
				CLANG_WARN_ENUM_CONVERSION = YES;
				CLANG_WARN_INFINITE_RECURSION = YES;
				CLANG_WARN_INT_CONVERSION = YES;
				CLANG_WARN_NON_LITERAL_NULL_CONVERSION = YES;
				CLANG_WARN_OBJC_IMPLICIT_RETAIN_SELF = YES;
				CLANG_WARN_OBJC_LITERAL_CONVERSION = YES;
				CLANG_WARN_OBJC_ROOT_CLASS = YES_ERROR;
				CLANG_WARN_QUOTED_INCLUDE_IN_FRAMEWORK_HEADER = YES;
				CLANG_WARN_RANGE_LOOP_ANALYSIS = YES;
				CLANG_WARN_STRICT_PROTOTYPES = YES;
				CLANG_WARN_SUSPICIOUS_MOVE = YES;
				CLANG_WARN_UNGUARDED_AVAILABILITY = YES_AGGRESSIVE;
				CLANG_WARN_UNREACHABLE_CODE = YES;
				CLANG_WARN__DUPLICATE_METHOD_MATCH = YES;
				COPY_PHASE_STRIP = NO;
				DEBUG_INFORMATION_FORMAT = "dwarf-with-dsym";
				ENABLE_NS_ASSERTIONS = NO;
				ENABLE_STRICT_OBJC_MSGSEND = YES;
				GCC_C_LANGUAGE_STANDARD = gnu11;
				GCC_NO_COMMON_BLOCKS = YES;
				GCC_WARN_64_TO_32_BIT_CONVERSION = YES;
				GCC_WARN_ABOUT_RETURN_TYPE = YES_ERROR;
				GCC_WARN_UNDECLARED_SELECTOR = YES;
				GCC_WARN_UNINITIALIZED_AUTOS = YES_AGGRESSIVE;
				GCC_WARN_UNUSED_FUNCTION = YES;
				GCC_WARN_UNUSED_VARIABLE = YES;
				IPHONEOS_DEPLOYMENT_TARGET = 15.0;
				MTL_ENABLE_DEBUG_INFO = NO;
				MTL_FAST_MATH = YES;
				SDKROOT = iphoneos;
				SWIFT_COMPILATION_MODE = wholemodule;
				SWIFT_OPTIMIZATION_LEVEL = "-O";
				VALIDATE_PRODUCT = YES;
			};
			name = Release;
		};
		3DDED4DD272EDA560064118D /* Debug */ = {
			isa = XCBuildConfiguration;
			baseConfigurationReference = A274F11E78945E7799D9A276 /* Pods-LatteIsHorse.debug.xcconfig */;
			buildSettings = {
				ASSETCATALOG_COMPILER_APPICON_NAME = AppIcon;
				ASSETCATALOG_COMPILER_GLOBAL_ACCENT_COLOR_NAME = AccentColor;
				CODE_SIGN_STYLE = Automatic;
				CURRENT_PROJECT_VERSION = 1;
				DEVELOPMENT_TEAM = GLQQLN3R4U;
				GENERATE_INFOPLIST_FILE = YES;
				INFOPLIST_FILE = LatteIsHorse/Info.plist;
				INFOPLIST_KEY_LSApplicationCategoryType = "";
				INFOPLIST_KEY_NSUserTrackingUsageDescription = "";
				INFOPLIST_KEY_UIApplicationSupportsIndirectInputEvents = YES;
				INFOPLIST_KEY_UILaunchStoryboardName = LaunchScreen;
				INFOPLIST_KEY_UIMainStoryboardFile = Main;
				INFOPLIST_KEY_UIRequiredDeviceCapabilities = armv7;
				INFOPLIST_KEY_UISupportedInterfaceOrientations = UIInterfaceOrientationPortrait;
				INFOPLIST_KEY_UISupportedInterfaceOrientations_iPad = "UIInterfaceOrientationPortrait UIInterfaceOrientationPortraitUpsideDown UIInterfaceOrientationLandscapeLeft UIInterfaceOrientationLandscapeRight";
				INFOPLIST_KEY_UISupportedInterfaceOrientations_iPhone = "UIInterfaceOrientationPortrait UIInterfaceOrientationLandscapeLeft UIInterfaceOrientationLandscapeRight";
				INFOPLIST_KEY_UIUserInterfaceStyle = Light;
				IPHONEOS_DEPLOYMENT_TARGET = 14.0;
				LD_RUNPATH_SEARCH_PATHS = (
					"$(inherited)",
					"@executable_path/Frameworks",
				);
				MARKETING_VERSION = 1.0.0;
				PRODUCT_BUNDLE_IDENTIFIER = "com.miori.dev-ios.LatteIsHorse";
				PRODUCT_NAME = "$(TARGET_NAME)";
				SWIFT_EMIT_LOC_STRINGS = YES;
				SWIFT_VERSION = 5.0;
				TARGETED_DEVICE_FAMILY = "1,2";
			};
			name = Debug;
		};
		3DDED4DE272EDA560064118D /* Release */ = {
			isa = XCBuildConfiguration;
			baseConfigurationReference = 1FE3F1D4183B8926854E6266 /* Pods-LatteIsHorse.release.xcconfig */;
			buildSettings = {
				ASSETCATALOG_COMPILER_APPICON_NAME = AppIcon;
				ASSETCATALOG_COMPILER_GLOBAL_ACCENT_COLOR_NAME = AccentColor;
				CODE_SIGN_STYLE = Automatic;
				CURRENT_PROJECT_VERSION = 1;
				DEVELOPMENT_TEAM = GLQQLN3R4U;
				GENERATE_INFOPLIST_FILE = YES;
				INFOPLIST_FILE = LatteIsHorse/Info.plist;
				INFOPLIST_KEY_LSApplicationCategoryType = "";
				INFOPLIST_KEY_NSUserTrackingUsageDescription = "";
				INFOPLIST_KEY_UIApplicationSupportsIndirectInputEvents = YES;
				INFOPLIST_KEY_UILaunchStoryboardName = LaunchScreen;
				INFOPLIST_KEY_UIMainStoryboardFile = Main;
				INFOPLIST_KEY_UIRequiredDeviceCapabilities = armv7;
				INFOPLIST_KEY_UISupportedInterfaceOrientations = UIInterfaceOrientationPortrait;
				INFOPLIST_KEY_UISupportedInterfaceOrientations_iPad = "UIInterfaceOrientationPortrait UIInterfaceOrientationPortraitUpsideDown UIInterfaceOrientationLandscapeLeft UIInterfaceOrientationLandscapeRight";
				INFOPLIST_KEY_UISupportedInterfaceOrientations_iPhone = "UIInterfaceOrientationPortrait UIInterfaceOrientationLandscapeLeft UIInterfaceOrientationLandscapeRight";
				INFOPLIST_KEY_UIUserInterfaceStyle = Light;
				IPHONEOS_DEPLOYMENT_TARGET = 14.0;
				LD_RUNPATH_SEARCH_PATHS = (
					"$(inherited)",
					"@executable_path/Frameworks",
				);
				MARKETING_VERSION = 1.0.0;
				PRODUCT_BUNDLE_IDENTIFIER = "com.miori.dev-ios.LatteIsHorse";
				PRODUCT_NAME = "$(TARGET_NAME)";
				SWIFT_EMIT_LOC_STRINGS = YES;
				SWIFT_VERSION = 5.0;
				TARGETED_DEVICE_FAMILY = "1,2";
			};
			name = Release;
		};
		3DDED4E0272EDA560064118D /* Debug */ = {
			isa = XCBuildConfiguration;
			baseConfigurationReference = 12A011F2CE1C6031DF4F4DBC /* Pods-LatteIsHorseTests.debug.xcconfig */;
			buildSettings = {
				ALWAYS_EMBED_SWIFT_STANDARD_LIBRARIES = YES;
				BUNDLE_LOADER = "$(TEST_HOST)";
				CODE_SIGN_STYLE = Automatic;
				CURRENT_PROJECT_VERSION = 1;
				DEVELOPMENT_TEAM = GLQQLN3R4U;
				GENERATE_INFOPLIST_FILE = YES;
				IPHONEOS_DEPLOYMENT_TARGET = 15.0;
				LD_RUNPATH_SEARCH_PATHS = (
					"$(inherited)",
					"@executable_path/Frameworks",
					"@loader_path/Frameworks",
				);
				MARKETING_VERSION = 1.0;
				PRODUCT_BUNDLE_IDENTIFIER = "com.miori.dev-ios.LatteIsHorseTests";
				PRODUCT_NAME = "$(TARGET_NAME)";
				SWIFT_EMIT_LOC_STRINGS = NO;
				SWIFT_VERSION = 5.0;
				TARGETED_DEVICE_FAMILY = "1,2";
				TEST_HOST = "$(BUILT_PRODUCTS_DIR)/LatteIsHorse.app/LatteIsHorse";
			};
			name = Debug;
		};
		3DDED4E1272EDA560064118D /* Release */ = {
			isa = XCBuildConfiguration;
			baseConfigurationReference = E0FACF1A4E1696B010A5DD64 /* Pods-LatteIsHorseTests.release.xcconfig */;
			buildSettings = {
				ALWAYS_EMBED_SWIFT_STANDARD_LIBRARIES = YES;
				BUNDLE_LOADER = "$(TEST_HOST)";
				CODE_SIGN_STYLE = Automatic;
				CURRENT_PROJECT_VERSION = 1;
				DEVELOPMENT_TEAM = GLQQLN3R4U;
				GENERATE_INFOPLIST_FILE = YES;
				IPHONEOS_DEPLOYMENT_TARGET = 15.0;
				LD_RUNPATH_SEARCH_PATHS = (
					"$(inherited)",
					"@executable_path/Frameworks",
					"@loader_path/Frameworks",
				);
				MARKETING_VERSION = 1.0;
				PRODUCT_BUNDLE_IDENTIFIER = "com.miori.dev-ios.LatteIsHorseTests";
				PRODUCT_NAME = "$(TARGET_NAME)";
				SWIFT_EMIT_LOC_STRINGS = NO;
				SWIFT_VERSION = 5.0;
				TARGETED_DEVICE_FAMILY = "1,2";
				TEST_HOST = "$(BUILT_PRODUCTS_DIR)/LatteIsHorse.app/LatteIsHorse";
			};
			name = Release;
		};
		3DDED4E3272EDA560064118D /* Debug */ = {
			isa = XCBuildConfiguration;
			baseConfigurationReference = 9CB525C7CFBCB1F9E9EC2B89 /* Pods-LatteIsHorse-LatteIsHorseUITests.debug.xcconfig */;
			buildSettings = {
				ALWAYS_EMBED_SWIFT_STANDARD_LIBRARIES = YES;
				CODE_SIGN_STYLE = Automatic;
				CURRENT_PROJECT_VERSION = 1;
				DEVELOPMENT_TEAM = GLQQLN3R4U;
				GENERATE_INFOPLIST_FILE = YES;
				LD_RUNPATH_SEARCH_PATHS = (
					"$(inherited)",
					"@executable_path/Frameworks",
					"@loader_path/Frameworks",
				);
				MARKETING_VERSION = 1.0;
				PRODUCT_BUNDLE_IDENTIFIER = "com.miori.dev-ios.LatteIsHorseUITests";
				PRODUCT_NAME = "$(TARGET_NAME)";
				SWIFT_EMIT_LOC_STRINGS = NO;
				SWIFT_VERSION = 5.0;
				TARGETED_DEVICE_FAMILY = "1,2";
				TEST_TARGET_NAME = LatteIsHorse;
			};
			name = Debug;
		};
		3DDED4E4272EDA560064118D /* Release */ = {
			isa = XCBuildConfiguration;
			baseConfigurationReference = 1B9141B1E0746FE9F84B9765 /* Pods-LatteIsHorse-LatteIsHorseUITests.release.xcconfig */;
			buildSettings = {
				ALWAYS_EMBED_SWIFT_STANDARD_LIBRARIES = YES;
				CODE_SIGN_STYLE = Automatic;
				CURRENT_PROJECT_VERSION = 1;
				DEVELOPMENT_TEAM = GLQQLN3R4U;
				GENERATE_INFOPLIST_FILE = YES;
				LD_RUNPATH_SEARCH_PATHS = (
					"$(inherited)",
					"@executable_path/Frameworks",
					"@loader_path/Frameworks",
				);
				MARKETING_VERSION = 1.0;
				PRODUCT_BUNDLE_IDENTIFIER = "com.miori.dev-ios.LatteIsHorseUITests";
				PRODUCT_NAME = "$(TARGET_NAME)";
				SWIFT_EMIT_LOC_STRINGS = NO;
				SWIFT_VERSION = 5.0;
				TARGETED_DEVICE_FAMILY = "1,2";
				TEST_TARGET_NAME = LatteIsHorse;
			};
			name = Release;
		};
/* End XCBuildConfiguration section */

/* Begin XCConfigurationList section */
		3DDED4AD272EDA540064118D /* Build configuration list for PBXProject "LatteIsHorse" */ = {
			isa = XCConfigurationList;
			buildConfigurations = (
				3DDED4DA272EDA560064118D /* Debug */,
				3DDED4DB272EDA560064118D /* Release */,
			);
			defaultConfigurationIsVisible = 0;
			defaultConfigurationName = Release;
		};
		3DDED4DC272EDA560064118D /* Build configuration list for PBXNativeTarget "LatteIsHorse" */ = {
			isa = XCConfigurationList;
			buildConfigurations = (
				3DDED4DD272EDA560064118D /* Debug */,
				3DDED4DE272EDA560064118D /* Release */,
			);
			defaultConfigurationIsVisible = 0;
			defaultConfigurationName = Release;
		};
		3DDED4DF272EDA560064118D /* Build configuration list for PBXNativeTarget "LatteIsHorseTests" */ = {
			isa = XCConfigurationList;
			buildConfigurations = (
				3DDED4E0272EDA560064118D /* Debug */,
				3DDED4E1272EDA560064118D /* Release */,
			);
			defaultConfigurationIsVisible = 0;
			defaultConfigurationName = Release;
		};
		3DDED4E2272EDA560064118D /* Build configuration list for PBXNativeTarget "LatteIsHorseUITests" */ = {
			isa = XCConfigurationList;
			buildConfigurations = (
				3DDED4E3272EDA560064118D /* Debug */,
				3DDED4E4272EDA560064118D /* Release */,
			);
			defaultConfigurationIsVisible = 0;
			defaultConfigurationName = Release;
		};
/* End XCConfigurationList section */
	};
	rootObject = 3DDED4AA272EDA540064118D /* Project object */;
}
